
Microsoft Visual Studio Solution File, Format Version 12.00
Project("{2150E333-8FDC-42A3-9474-1A3956D46DE8}") = "MeetMe", "MeetMe", "{7D915DAE-25F4-45B2-AB93-ABC60464BC65}"
EndProject
Project("{2150E333-8FDC-42A3-9474-1A3956D46DE8}") = "Core", "Core", "{21A4C85B-6DA2-4698-BD68-350ED5803F17}"
EndProject
Project("{2150E333-8FDC-42A3-9474-1A3956D46DE8}") = "Infrastucture", "Infrastucture", "{28A0FA09-58B8-41D5-9584-8D7B947645E7}"
EndProject
Project("{2150E333-8FDC-42A3-9474-1A3956D46DE8}") = "Presentation", "Presentation", "{9C8B3A51-D6DC-4FB7-BE22-E1F6A565C7C9}"
EndProject
Project("{FAE04EC0-301F-11D3-BF4B-00C04F79EFBC}") = "Domain", "MeetMe\Core\Domain\Domain.csproj", "{BF4AEFF8-1CFE-46BC-896C-CCC97976630B}"
EndProject
Project("{FAE04EC0-301F-11D3-BF4B-00C04F79EFBC}") = "Application", "MeetMe\Core\Application\Application.csproj", "{2E093DFE-092E-415C-91FC-241101DED963}"
EndProject
Project("{FAE04EC0-301F-11D3-BF4B-00C04F79EFBC}") = "Persistence", "MeetMe\Infrastructure\Persistence\Persistence.csproj", "{CC45A8CC-BBA5-4C59-822F-86D8766A56C6}"
EndProject
Project("{FAE04EC0-301F-11D3-BF4B-00C04F79EFBC}") = "WebApi", "MeetMe\Presentation\WebApi\WebApi.csproj", "{01BAC842-C5B3-4C15-BD5C-D57E20436B18}"
EndProject
Project("{FAE04EC0-301F-11D3-BF4B-00C04F79EFBC}") = "MeetMe.UI", "MeetMe.UI\MeetMe.UI.csproj", "{01EB0512-7540-4E9C-8FC2-4DD7350F1FC8}"
EndProject
Global
	GlobalSection(SolutionConfigurationPlatforms) = preSolution
		Debug|Any CPU = Debug|Any CPU
		Release|Any CPU = Release|Any CPU
	EndGlobalSection
	GlobalSection(NestedProjects) = preSolution
		{21A4C85B-6DA2-4698-BD68-350ED5803F17} = {7D915DAE-25F4-45B2-AB93-ABC60464BC65}
		{28A0FA09-58B8-41D5-9584-8D7B947645E7} = {7D915DAE-25F4-45B2-AB93-ABC60464BC65}
		{9C8B3A51-D6DC-4FB7-BE22-E1F6A565C7C9} = {7D915DAE-25F4-45B2-AB93-ABC60464BC65}
		{BF4AEFF8-1CFE-46BC-896C-CCC97976630B} = {21A4C85B-6DA2-4698-BD68-350ED5803F17}
		{2E093DFE-092E-415C-91FC-241101DED963} = {21A4C85B-6DA2-4698-BD68-350ED5803F17}
		{CC45A8CC-BBA5-4C59-822F-86D8766A56C6} = {28A0FA09-58B8-41D5-9584-8D7B947645E7}
		{01BAC842-C5B3-4C15-BD5C-D57E20436B18} = {9C8B3A51-D6DC-4FB7-BE22-E1F6A565C7C9}
	EndGlobalSection
	GlobalSection(ProjectConfigurationPlatforms) = postSolution
		{BF4AEFF8-1CFE-46BC-896C-CCC97976630B}.Debug|Any CPU.ActiveCfg = Debug|Any CPU
		{BF4AEFF8-1CFE-46BC-896C-CCC97976630B}.Debug|Any CPU.Build.0 = Debug|Any CPU
		{BF4AEFF8-1CFE-46BC-896C-CCC97976630B}.Release|Any CPU.ActiveCfg = Release|Any CPU
		{BF4AEFF8-1CFE-46BC-896C-CCC97976630B}.Release|Any CPU.Build.0 = Release|Any CPU
		{2E093DFE-092E-415C-91FC-241101DED963}.Debug|Any CPU.ActiveCfg = Debug|Any CPU
		{2E093DFE-092E-415C-91FC-241101DED963}.Debug|Any CPU.Build.0 = Debug|Any CPU
		{2E093DFE-092E-415C-91FC-241101DED963}.Release|Any CPU.ActiveCfg = Release|Any CPU
		{2E093DFE-092E-415C-91FC-241101DED963}.Release|Any CPU.Build.0 = Release|Any CPU
		{CC45A8CC-BBA5-4C59-822F-86D8766A56C6}.Debug|Any CPU.ActiveCfg = Debug|Any CPU
		{CC45A8CC-BBA5-4C59-822F-86D8766A56C6}.Debug|Any CPU.Build.0 = Debug|Any CPU
		{CC45A8CC-BBA5-4C59-822F-86D8766A56C6}.Release|Any CPU.ActiveCfg = Release|Any CPU
		{CC45A8CC-BBA5-4C59-822F-86D8766A56C6}.Release|Any CPU.Build.0 = Release|Any CPU
		{01BAC842-C5B3-4C15-BD5C-D57E20436B18}.Debug|Any CPU.ActiveCfg = Debug|Any CPU
		{01BAC842-C5B3-4C15-BD5C-D57E20436B18}.Debug|Any CPU.Build.0 = Debug|Any CPU
		{01BAC842-C5B3-4C15-BD5C-D57E20436B18}.Release|Any CPU.ActiveCfg = Release|Any CPU
		{01BAC842-C5B3-4C15-BD5C-D57E20436B18}.Release|Any CPU.Build.0 = Release|Any CPU
		{01EB0512-7540-4E9C-8FC2-4DD7350F1FC8}.Debug|Any CPU.ActiveCfg = Debug|Any CPU
		{01EB0512-7540-4E9C-8FC2-4DD7350F1FC8}.Debug|Any CPU.Build.0 = Debug|Any CPU
		{01EB0512-7540-4E9C-8FC2-4DD7350F1FC8}.Release|Any CPU.ActiveCfg = Release|Any CPU
		{01EB0512-7540-4E9C-8FC2-4DD7350F1FC8}.Release|Any CPU.Build.0 = Release|Any CPU
	EndGlobalSection
EndGlobal
